
Microsoft Visual Studio Solution File, Format Version 12.00
# Visual Studio Version 17
VisualStudioVersion = 17.6.33712.159
MinimumVisualStudioVersion = 10.0.40219.1
Project("{2150E333-8FDC-42A3-9474-1A3956D46DE8}") = "Contrib", "Contrib", "{29D5EC39-2D7B-4DE2-8477-C97E257826BC}"
EndProject
Project("{FAE04EC0-301F-11D3-BF4B-00C04F79EFBC}") = "TextItem.Api", "Contrib\TextItem.Api\TextItem.Api.csproj", "{2EB86203-7C34-4ED5-88F7-90608FC9C75E}"
EndProject
Project("{E53339B2-1760-4266-BCC7-CA923CBCF16C}") = "docker-compose", "docker-compose.dcproj", "{E3D8F1CB-10D2-4F92-B9ED-EC56301C9AE1}"
EndProject
Project("{2150E333-8FDC-42A3-9474-1A3956D46DE8}") = "dapr", "dapr", "{EFE0AB5A-D6A0-4E8F-B691-4BD8331DC9C0}"
EndProject
Project("{2150E333-8FDC-42A3-9474-1A3956D46DE8}") = "configuration", "configuration", "{A71837B9-D36C-4D79-9EF0-8BF28394ABC5}"
	ProjectSection(SolutionItems) = preProject
		dapr\configuration\recall-configuration.yaml = dapr\configuration\recall-configuration.yaml
	EndProjectSection
EndProject
Project("{2150E333-8FDC-42A3-9474-1A3956D46DE8}") = "components", "components", "{9890668C-6BC4-4525-8D1F-E570243F4E37}"
	ProjectSection(SolutionItems) = preProject
		dapr\components\recall-secrets.json = dapr\components\recall-secrets.json
		dapr\components\recall-secretstore.yaml = dapr\components\recall-secretstore.yaml
	EndProjectSection
EndProject
Project("{2150E333-8FDC-42A3-9474-1A3956D46DE8}") = "Infrastructure", "Infrastructure", "{2EC7A5D4-4187-4F2B-81B7-07B01EB4F8C9}"
	ProjectSection(SolutionItems) = preProject
		Infrastructure\envoy.yaml = Infrastructure\envoy.yaml
	EndProjectSection
EndProject
Project("{FAE04EC0-301F-11D3-BF4B-00C04F79EFBC}") = "Infrastructure.Api", "Infrastructure\Infrastructure.Api\Infrastructure.Api.csproj", "{7561D6F8-57F5-4926-AA0E-DC101ADD28D9}"
EndProject
Project("{FAE04EC0-301F-11D3-BF4B-00C04F79EFBC}") = "ServiceStatus", "Infrastructure\ServiceStatus\ServiceStatus.csproj", "{EBFF951F-3C76-45A6-95B8-4BC26505C5C3}"
EndProject
Project("{FAE04EC0-301F-11D3-BF4B-00C04F79EFBC}") = "Ddd.Domain", "Infrastructure\Ddd.Domain\Ddd.Domain.csproj", "{F0003578-D685-40E8-9027-8741816577EB}"
EndProject
Project("{2150E333-8FDC-42A3-9474-1A3956D46DE8}") = "Core", "Core", "{37597113-0521-4CDA-8682-BF8D9E40328B}"
EndProject
Project("{2150E333-8FDC-42A3-9474-1A3956D46DE8}") = "List", "List", "{DC12EB2A-F018-4931-8AFE-476DA3B135D3}"
EndProject
Project("{FAE04EC0-301F-11D3-BF4B-00C04F79EFBC}") = "List.Domain", "Core\List\List.Domain\List.Domain.csproj", "{002B4677-FF4E-43CD-ABC1-C48EFF03D393}"
EndProject
Project("{FAE04EC0-301F-11D3-BF4B-00C04F79EFBC}") = "Ddd.Infrastructure", "Infrastructure\Ddd.Infrastructure\Ddd.Infrastructure.csproj", "{A0B46602-6B8D-4A02-B7AD-D8E210438496}"
EndProject
Project("{FAE04EC0-301F-11D3-BF4B-00C04F79EFBC}") = "List.Infrastructure", "Core\List\List.Infrastructure\List.Infrastructure.csproj", "{72343773-BDC5-4CFC-AB51-81301161EA63}"
EndProject
Project("{FAE04EC0-301F-11D3-BF4B-00C04F79EFBC}") = "List.Api", "Core\List\List.Api\List.Api.csproj", "{62F6B6C4-5464-42C0-9EF6-42C4411B954D}"
EndProject
Global
	GlobalSection(SolutionConfigurationPlatforms) = preSolution
		Debug|Any CPU = Debug|Any CPU
		Release|Any CPU = Release|Any CPU
	EndGlobalSection
	GlobalSection(ProjectConfigurationPlatforms) = postSolution
		{2EB86203-7C34-4ED5-88F7-90608FC9C75E}.Debug|Any CPU.ActiveCfg = Debug|Any CPU
		{2EB86203-7C34-4ED5-88F7-90608FC9C75E}.Debug|Any CPU.Build.0 = Debug|Any CPU
		{2EB86203-7C34-4ED5-88F7-90608FC9C75E}.Release|Any CPU.ActiveCfg = Release|Any CPU
		{2EB86203-7C34-4ED5-88F7-90608FC9C75E}.Release|Any CPU.Build.0 = Release|Any CPU
		{E3D8F1CB-10D2-4F92-B9ED-EC56301C9AE1}.Debug|Any CPU.ActiveCfg = Debug|Any CPU
		{E3D8F1CB-10D2-4F92-B9ED-EC56301C9AE1}.Debug|Any CPU.Build.0 = Debug|Any CPU
		{E3D8F1CB-10D2-4F92-B9ED-EC56301C9AE1}.Release|Any CPU.ActiveCfg = Release|Any CPU
		{E3D8F1CB-10D2-4F92-B9ED-EC56301C9AE1}.Release|Any CPU.Build.0 = Release|Any CPU
		{7561D6F8-57F5-4926-AA0E-DC101ADD28D9}.Debug|Any CPU.ActiveCfg = Debug|Any CPU
		{7561D6F8-57F5-4926-AA0E-DC101ADD28D9}.Debug|Any CPU.Build.0 = Debug|Any CPU
		{7561D6F8-57F5-4926-AA0E-DC101ADD28D9}.Release|Any CPU.ActiveCfg = Release|Any CPU
		{7561D6F8-57F5-4926-AA0E-DC101ADD28D9}.Release|Any CPU.Build.0 = Release|Any CPU
		{EBFF951F-3C76-45A6-95B8-4BC26505C5C3}.Debug|Any CPU.ActiveCfg = Debug|Any CPU
		{EBFF951F-3C76-45A6-95B8-4BC26505C5C3}.Debug|Any CPU.Build.0 = Debug|Any CPU
		{EBFF951F-3C76-45A6-95B8-4BC26505C5C3}.Release|Any CPU.ActiveCfg = Release|Any CPU
		{EBFF951F-3C76-45A6-95B8-4BC26505C5C3}.Release|Any CPU.Build.0 = Release|Any CPU
		{F0003578-D685-40E8-9027-8741816577EB}.Debug|Any CPU.ActiveCfg = Debug|Any CPU
		{F0003578-D685-40E8-9027-8741816577EB}.Debug|Any CPU.Build.0 = Debug|Any CPU
		{F0003578-D685-40E8-9027-8741816577EB}.Release|Any CPU.ActiveCfg = Release|Any CPU
		{F0003578-D685-40E8-9027-8741816577EB}.Release|Any CPU.Build.0 = Release|Any CPU
		{002B4677-FF4E-43CD-ABC1-C48EFF03D393}.Debug|Any CPU.ActiveCfg = Debug|Any CPU
		{002B4677-FF4E-43CD-ABC1-C48EFF03D393}.Debug|Any CPU.Build.0 = Debug|Any CPU
		{002B4677-FF4E-43CD-ABC1-C48EFF03D393}.Release|Any CPU.ActiveCfg = Release|Any CPU
		{002B4677-FF4E-43CD-ABC1-C48EFF03D393}.Release|Any CPU.Build.0 = Release|Any CPU
		{A0B46602-6B8D-4A02-B7AD-D8E210438496}.Debug|Any CPU.ActiveCfg = Debug|Any CPU
		{A0B46602-6B8D-4A02-B7AD-D8E210438496}.Debug|Any CPU.Build.0 = Debug|Any CPU
		{A0B46602-6B8D-4A02-B7AD-D8E210438496}.Release|Any CPU.ActiveCfg = Release|Any CPU
		{A0B46602-6B8D-4A02-B7AD-D8E210438496}.Release|Any CPU.Build.0 = Release|Any CPU
		{72343773-BDC5-4CFC-AB51-81301161EA63}.Debug|Any CPU.ActiveCfg = Debug|Any CPU
		{72343773-BDC5-4CFC-AB51-81301161EA63}.Debug|Any CPU.Build.0 = Debug|Any CPU
		{72343773-BDC5-4CFC-AB51-81301161EA63}.Release|Any CPU.ActiveCfg = Release|Any CPU
		{72343773-BDC5-4CFC-AB51-81301161EA63}.Release|Any CPU.Build.0 = Release|Any CPU
		{62F6B6C4-5464-42C0-9EF6-42C4411B954D}.Debug|Any CPU.ActiveCfg = Debug|Any CPU
		{62F6B6C4-5464-42C0-9EF6-42C4411B954D}.Debug|Any CPU.Build.0 = Debug|Any CPU
		{62F6B6C4-5464-42C0-9EF6-42C4411B954D}.Release|Any CPU.ActiveCfg = Release|Any CPU
		{62F6B6C4-5464-42C0-9EF6-42C4411B954D}.Release|Any CPU.Build.0 = Release|Any CPU
	EndGlobalSection
	GlobalSection(SolutionProperties) = preSolution
		HideSolutionNode = FALSE
	EndGlobalSection
	GlobalSection(NestedProjects) = preSolution
		{2EB86203-7C34-4ED5-88F7-90608FC9C75E} = {29D5EC39-2D7B-4DE2-8477-C97E257826BC}
		{A71837B9-D36C-4D79-9EF0-8BF28394ABC5} = {EFE0AB5A-D6A0-4E8F-B691-4BD8331DC9C0}
		{9890668C-6BC4-4525-8D1F-E570243F4E37} = {EFE0AB5A-D6A0-4E8F-B691-4BD8331DC9C0}
		{7561D6F8-57F5-4926-AA0E-DC101ADD28D9} = {2EC7A5D4-4187-4F2B-81B7-07B01EB4F8C9}
		{EBFF951F-3C76-45A6-95B8-4BC26505C5C3} = {2EC7A5D4-4187-4F2B-81B7-07B01EB4F8C9}
		{F0003578-D685-40E8-9027-8741816577EB} = {2EC7A5D4-4187-4F2B-81B7-07B01EB4F8C9}
		{DC12EB2A-F018-4931-8AFE-476DA3B135D3} = {37597113-0521-4CDA-8682-BF8D9E40328B}
		{002B4677-FF4E-43CD-ABC1-C48EFF03D393} = {DC12EB2A-F018-4931-8AFE-476DA3B135D3}
		{A0B46602-6B8D-4A02-B7AD-D8E210438496} = {2EC7A5D4-4187-4F2B-81B7-07B01EB4F8C9}
		{72343773-BDC5-4CFC-AB51-81301161EA63} = {DC12EB2A-F018-4931-8AFE-476DA3B135D3}
		{62F6B6C4-5464-42C0-9EF6-42C4411B954D} = {DC12EB2A-F018-4931-8AFE-476DA3B135D3}
	EndGlobalSection
	GlobalSection(ExtensibilityGlobals) = postSolution
		SolutionGuid = {F45E1EA0-3A90-4BF5-A267-10267FC39D14}
	EndGlobalSection
EndGlobal
